
Microsoft Visual Studio Solution File, Format Version 12.00
# Visual Studio Version 16
VisualStudioVersion = 16.0.31702.278
MinimumVisualStudioVersion = 10.0.40219.1
Project("{9A19103F-16F7-4668-BE54-9A1E7A4F7556}") = "TestWebApplication", "TestWebApplication\TestWebApplication.csproj", "{DC7BD836-6005-435F-958C-D3E8A961F363}"
EndProject
Global
	GlobalSection(SolutionConfigurationPlatforms) = preSolution
		Debug|Any CPU = Debug|Any CPU
		Release|Any CPU = Release|Any CPU
	EndGlobalSection
	GlobalSection(ProjectConfigurationPlatforms) = postSolution
		{DC7BD836-6005-435F-958C-D3E8A961F363}.Debug|Any CPU.ActiveCfg = Debug|Any CPU
		{DC7BD836-6005-435F-958C-D3E8A961F363}.Debug|Any CPU.Build.0 = Debug|Any CPU
		{DC7BD836-6005-435F-958C-D3E8A961F363}.Release|Any CPU.ActiveCfg = Release|Any CPU
		{DC7BD836-6005-435F-958C-D3E8A961F363}.Release|Any CPU.Build.0 = Release|Any CPU
	EndGlobalSection
	GlobalSection(SolutionProperties) = preSolution
		HideSolutionNode = FALSE
	EndGlobalSection
	GlobalSection(ExtensibilityGlobals) = postSolution
		SolutionGuid = {7BDB51E2-78AF-442E-B7E3-EF54F56AA3DF}
	EndGlobalSection
EndGlobal
